
Microsoft Visual Studio Solution File, Format Version 12.00
# Visual Studio 15
VisualStudioVersion = 15.0.27703.2047
MinimumVisualStudioVersion = 10.0.40219.1
Project("{FAE04EC0-301F-11D3-BF4B-00C04F79EFBC}") = "Client", "Client\Client\Client.csproj", "{952EB268-75FC-4B31-ABE5-5B03EED5EEB0}"
EndProject
Project("{FAE04EC0-301F-11D3-BF4B-00C04F79EFBC}") = "Server", "Server\Server\Server.csproj", "{D6C3CB84-89FE-4DF5-9F06-0AD16F4D04D4}"
EndProject
Global
	GlobalSection(SolutionConfigurationPlatforms) = preSolution
		Debug|Any CPU = Debug|Any CPU
		Release|Any CPU = Release|Any CPU
	EndGlobalSection
	GlobalSection(ProjectConfigurationPlatforms) = postSolution
		{952EB268-75FC-4B31-ABE5-5B03EED5EEB0}.Debug|Any CPU.ActiveCfg = Debug|Any CPU
		{952EB268-75FC-4B31-ABE5-5B03EED5EEB0}.Debug|Any CPU.Build.0 = Debug|Any CPU
		{952EB268-75FC-4B31-ABE5-5B03EED5EEB0}.Release|Any CPU.ActiveCfg = Release|Any CPU
		{952EB268-75FC-4B31-ABE5-5B03EED5EEB0}.Release|Any CPU.Build.0 = Release|Any CPU
		{D6C3CB84-89FE-4DF5-9F06-0AD16F4D04D4}.Debug|Any CPU.ActiveCfg = Debug|Any CPU
		{D6C3CB84-89FE-4DF5-9F06-0AD16F4D04D4}.Debug|Any CPU.Build.0 = Debug|Any CPU
		{D6C3CB84-89FE-4DF5-9F06-0AD16F4D04D4}.Release|Any CPU.ActiveCfg = Release|Any CPU
		{D6C3CB84-89FE-4DF5-9F06-0AD16F4D04D4}.Release|Any CPU.Build.0 = Release|Any CPU
	EndGlobalSection
	GlobalSection(SolutionProperties) = preSolution
		HideSolutionNode = FALSE
	EndGlobalSection
	GlobalSection(ExtensibilityGlobals) = postSolution
		SolutionGuid = {E375063A-3B20-44B3-9F48-35463ACE8C4F}
	EndGlobalSection
EndGlobal
